
Microsoft Visual Studio Solution File, Format Version 12.00
# Visual Studio Version 16
VisualStudioVersion = 16.0.31205.134
MinimumVisualStudioVersion = 10.0.40219.1
Project("{FAE04EC0-301F-11D3-BF4B-00C04F79EFBC}") = "Inventory", "Inventory\Inventory.csproj", "{EF9CC2A2-DAA2-46E6-83C3-3D0C27FACEF5}"
EndProject
Global
	GlobalSection(SolutionConfigurationPlatforms) = preSolution
		Debug|Any CPU = Debug|Any CPU
		Release|Any CPU = Release|Any CPU
	EndGlobalSection
	GlobalSection(ProjectConfigurationPlatforms) = postSolution
		{EF9CC2A2-DAA2-46E6-83C3-3D0C27FACEF5}.Debug|Any CPU.ActiveCfg = Debug|Any CPU
		{EF9CC2A2-DAA2-46E6-83C3-3D0C27FACEF5}.Debug|Any CPU.Build.0 = Debug|Any CPU
		{EF9CC2A2-DAA2-46E6-83C3-3D0C27FACEF5}.Release|Any CPU.ActiveCfg = Release|Any CPU
		{EF9CC2A2-DAA2-46E6-83C3-3D0C27FACEF5}.Release|Any CPU.Build.0 = Release|Any CPU
	EndGlobalSection
	GlobalSection(SolutionProperties) = preSolution
		HideSolutionNode = FALSE
	EndGlobalSection
	GlobalSection(ExtensibilityGlobals) = postSolution
		SolutionGuid = {D961F3D3-2DC1-4734-BFC0-F1DAD5A96206}
	EndGlobalSection
EndGlobal
